<Solution>
	<Folder Name="/Solution Items/">
		<File Path="Directory.Packages.props" />
		<File Path="global.json" />
		<File Path="nuget.config" />
	</Folder>
	<Project Path="OCRUtilityServices/OCRUtilityServices.csproj" />
	<Project Path="OmniAppium.AiAgentUtilityServices/OmniAppium.AiAgentUtilityServices.csproj" Id="4c5358da-6f15-4ae6-9de1-35a56eb8b1d3" />
	<Project Path="OmniAppium.BaseUtilityServices/OmniAppium.BaseUtilityServices.csproj" />
	<Project Path="OmniAppium.Core/OmniAppium.Core.csproj" />
	<Project Path="OmniAppium.EngineUtilityServices/OmniAppium.EngineUtilityServices.csproj" />
	<Project Path="OmniAppium.EngineUtilityServices.Tests/OmniAppium.EngineUtilityServices.Tests.csproj" />
	<Project Path="OmniAppium.LogServices/OmniAppium.LogServices.csproj" Id="a7b60198-f244-412c-8184-9e87b48d4991" />
	<Project Path="OmniAppiumDemo/OmniAppiumDemo.csproj" />
</Solution>
